
Microsoft Visual Studio Solution File, Format Version 12.00
# Visual Studio Version 17
VisualStudioVersion = 17.0.31903.59
MinimumVisualStudioVersion = 10.0.40219.1
Project("{FAE04EC0-301F-11D3-BF4B-00C04F79EFBC}") = "Sva.Orders.Application", "Orders\src\Application\Sva.Orders.Application.csproj", "{809E4C33-5523-4C10-BA7E-61B426604F18}"
EndProject
Project("{FAE04EC0-301F-11D3-BF4B-00C04F79EFBC}") = "Sva.Orders.Application.FunctionalTests", "Orders\test\Application.FunctionalTests\Sva.Orders.Application.FunctionalTests.csproj", "{36C93F3B-8CC4-4E8B-B500-61F6644AB832}"
EndProject
Project("{FAE04EC0-301F-11D3-BF4B-00C04F79EFBC}") = "Sva.Orders.Application.UnitTests", "Orders\test\Application.UnitTests\Sva.Orders.Application.UnitTests.csproj", "{911B6348-DF70-4E83-8721-27F95795F6C5}"
EndProject
Project("{FAE04EC0-301F-11D3-BF4B-00C04F79EFBC}") = "Sva.Orders.Domain", "Orders\src\Domain\Sva.Orders.Domain.csproj", "{B71936A6-4768-4372-9255-A88B6BC7566B}"
EndProject
Project("{FAE04EC0-301F-11D3-BF4B-00C04F79EFBC}") = "Sva.Orders.Domain.UnitTests", "Orders\test\Domain.UnitTests\Sva.Orders.Domain.UnitTests.csproj", "{1EB144D4-4D58-4B52-9376-C2D9156EF2BB}"
EndProject
Project("{FAE04EC0-301F-11D3-BF4B-00C04F79EFBC}") = "Sva.Orders.API", "Orders\src\API\Sva.Orders.API.csproj", "{7EE6BA9E-B852-4B06-B2A9-903BE5D34910}"
EndProject
Project("{FAE04EC0-301F-11D3-BF4B-00C04F79EFBC}") = "Sva.Orders.API.AcceptanceTests", "Orders\test\API.AcceptanceTests\Sva.Orders.API.AcceptanceTests.csproj", "{0C1BB397-DC36-4BA2-85CF-88778049E5B3}"
EndProject
Project("{FAE04EC0-301F-11D3-BF4B-00C04F79EFBC}") = "Sva.Orders.Infrastructure", "Orders\src\Infrastructure\Sva.Orders.Infrastructure.csproj", "{0C0D73D6-A45D-46C9-9701-8302C38D9A7A}"
EndProject
Project("{FAE04EC0-301F-11D3-BF4B-00C04F79EFBC}") = "Sva.Orders.Infrastructure.IntegrationTests", "Orders\test\Infrastructure.IntegrationTests\Sva.Orders.Infrastructure.IntegrationTests.csproj", "{EB42B019-5A17-427C-BD0C-50706044207E}"
EndProject
Project("{FAE04EC0-301F-11D3-BF4B-00C04F79EFBC}") = "Sva.Customers.Application", "Customers\src\Application\Sva.Customers.Application.csproj", "{E8937AF8-259C-47E5-A196-965793C22455}"
EndProject
Project("{FAE04EC0-301F-11D3-BF4B-00C04F79EFBC}") = "Sva.Customers.Application.FunctionalTests", "Customers\test\Application.FunctionalTests\Sva.Customers.Application.FunctionalTests.csproj", "{7B581FD3-BAC0-452C-BCF5-B4D84E9EF7A6}"
EndProject
Project("{FAE04EC0-301F-11D3-BF4B-00C04F79EFBC}") = "Sva.Customers.Application.UnitTests", "Customers\test\Application.UnitTests\Sva.Customers.Application.UnitTests.csproj", "{4F4A7C56-8B3F-4C7D-98B3-82CA16AD2D8F}"
EndProject
Project("{FAE04EC0-301F-11D3-BF4B-00C04F79EFBC}") = "Sva.Customers.Domain", "Customers\src\Domain\Sva.Customers.Domain.csproj", "{C2D463AD-4F5E-4453-B39E-9963AE73C7D8}"
EndProject
Project("{FAE04EC0-301F-11D3-BF4B-00C04F79EFBC}") = "Sva.Customers.Domain.UnitTests", "Customers\test\Domain.UnitTests\Sva.Customers.Domain.UnitTests.csproj", "{0F807160-7731-4AC5-BBC2-587ABA335145}"
EndProject
Project("{FAE04EC0-301F-11D3-BF4B-00C04F79EFBC}") = "Sva.Customers.API", "Customers\src\API\Sva.Customers.API.csproj", "{974509EF-F245-44E4-BBA4-56C7F9A86A7F}"
EndProject
Project("{FAE04EC0-301F-11D3-BF4B-00C04F79EFBC}") = "Sva.Customers.API.AcceptanceTests", "Customers\test\API.AcceptanceTests\Sva.Customers.API.AcceptanceTests.csproj", "{491BAB42-59E8-4EEE-83F8-D473BFF8E471}"
EndProject
Project("{FAE04EC0-301F-11D3-BF4B-00C04F79EFBC}") = "Sva.Customers.Infrastructure", "Customers\src\Infrastructure\Sva.Customers.Infrastructure.csproj", "{9FEB8E52-741C-49AC-8466-53D2E1FBF726}"
EndProject
Project("{FAE04EC0-301F-11D3-BF4B-00C04F79EFBC}") = "Sva.Customers.Infrastructure.IntegrationTests", "Customers\test\Infrastructure.IntegrationTests\Sva.Customers.Infrastructure.IntegrationTests.csproj", "{89A4700E-45DD-4D1F-88BD-D5D0533A06FF}"
EndProject
Global
	GlobalSection(SolutionConfigurationPlatforms) = preSolution
		Debug|Any CPU = Debug|Any CPU
		Debug|x64 = Debug|x64
		Debug|x86 = Debug|x86
		Release|Any CPU = Release|Any CPU
		Release|x64 = Release|x64
		Release|x86 = Release|x86
	EndGlobalSection
	GlobalSection(ProjectConfigurationPlatforms) = postSolution
		{809E4C33-5523-4C10-BA7E-61B426604F18}.Debug|Any CPU.ActiveCfg = Debug|Any CPU
		{809E4C33-5523-4C10-BA7E-61B426604F18}.Debug|Any CPU.Build.0 = Debug|Any CPU
		{809E4C33-5523-4C10-BA7E-61B426604F18}.Debug|x64.ActiveCfg = Debug|Any CPU
		{809E4C33-5523-4C10-BA7E-61B426604F18}.Debug|x64.Build.0 = Debug|Any CPU
		{809E4C33-5523-4C10-BA7E-61B426604F18}.Debug|x86.ActiveCfg = Debug|Any CPU
		{809E4C33-5523-4C10-BA7E-61B426604F18}.Debug|x86.Build.0 = Debug|Any CPU
		{809E4C33-5523-4C10-BA7E-61B426604F18}.Release|Any CPU.ActiveCfg = Release|Any CPU
		{809E4C33-5523-4C10-BA7E-61B426604F18}.Release|Any CPU.Build.0 = Release|Any CPU
		{809E4C33-5523-4C10-BA7E-61B426604F18}.Release|x64.ActiveCfg = Release|Any CPU
		{809E4C33-5523-4C10-BA7E-61B426604F18}.Release|x64.Build.0 = Release|Any CPU
		{809E4C33-5523-4C10-BA7E-61B426604F18}.Release|x86.ActiveCfg = Release|Any CPU
		{809E4C33-5523-4C10-BA7E-61B426604F18}.Release|x86.Build.0 = Release|Any CPU
		{36C93F3B-8CC4-4E8B-B500-61F6644AB832}.Debug|Any CPU.ActiveCfg = Debug|Any CPU
		{36C93F3B-8CC4-4E8B-B500-61F6644AB832}.Debug|Any CPU.Build.0 = Debug|Any CPU
		{36C93F3B-8CC4-4E8B-B500-61F6644AB832}.Debug|x64.ActiveCfg = Debug|Any CPU
		{36C93F3B-8CC4-4E8B-B500-61F6644AB832}.Debug|x64.Build.0 = Debug|Any CPU
		{36C93F3B-8CC4-4E8B-B500-61F6644AB832}.Debug|x86.ActiveCfg = Debug|Any CPU
		{36C93F3B-8CC4-4E8B-B500-61F6644AB832}.Debug|x86.Build.0 = Debug|Any CPU
		{36C93F3B-8CC4-4E8B-B500-61F6644AB832}.Release|Any CPU.ActiveCfg = Release|Any CPU
		{36C93F3B-8CC4-4E8B-B500-61F6644AB832}.Release|Any CPU.Build.0 = Release|Any CPU
		{36C93F3B-8CC4-4E8B-B500-61F6644AB832}.Release|x64.ActiveCfg = Release|Any CPU
		{36C93F3B-8CC4-4E8B-B500-61F6644AB832}.Release|x64.Build.0 = Release|Any CPU
		{36C93F3B-8CC4-4E8B-B500-61F6644AB832}.Release|x86.ActiveCfg = Release|Any CPU
		{36C93F3B-8CC4-4E8B-B500-61F6644AB832}.Release|x86.Build.0 = Release|Any CPU
		{911B6348-DF70-4E83-8721-27F95795F6C5}.Debug|Any CPU.ActiveCfg = Debug|Any CPU
		{911B6348-DF70-4E83-8721-27F95795F6C5}.Debug|Any CPU.Build.0 = Debug|Any CPU
		{911B6348-DF70-4E83-8721-27F95795F6C5}.Debug|x64.ActiveCfg = Debug|Any CPU
		{911B6348-DF70-4E83-8721-27F95795F6C5}.Debug|x64.Build.0 = Debug|Any CPU
		{911B6348-DF70-4E83-8721-27F95795F6C5}.Debug|x86.ActiveCfg = Debug|Any CPU
		{911B6348-DF70-4E83-8721-27F95795F6C5}.Debug|x86.Build.0 = Debug|Any CPU
		{911B6348-DF70-4E83-8721-27F95795F6C5}.Release|Any CPU.ActiveCfg = Release|Any CPU
		{911B6348-DF70-4E83-8721-27F95795F6C5}.Release|Any CPU.Build.0 = Release|Any CPU
		{911B6348-DF70-4E83-8721-27F95795F6C5}.Release|x64.ActiveCfg = Release|Any CPU
		{911B6348-DF70-4E83-8721-27F95795F6C5}.Release|x64.Build.0 = Release|Any CPU
		{911B6348-DF70-4E83-8721-27F95795F6C5}.Release|x86.ActiveCfg = Release|Any CPU
		{911B6348-DF70-4E83-8721-27F95795F6C5}.Release|x86.Build.0 = Release|Any CPU
		{B71936A6-4768-4372-9255-A88B6BC7566B}.Debug|Any CPU.ActiveCfg = Debug|Any CPU
		{B71936A6-4768-4372-9255-A88B6BC7566B}.Debug|Any CPU.Build.0 = Debug|Any CPU
		{B71936A6-4768-4372-9255-A88B6BC7566B}.Debug|x64.ActiveCfg = Debug|Any CPU
		{B71936A6-4768-4372-9255-A88B6BC7566B}.Debug|x64.Build.0 = Debug|Any CPU
		{B71936A6-4768-4372-9255-A88B6BC7566B}.Debug|x86.ActiveCfg = Debug|Any CPU
		{B71936A6-4768-4372-9255-A88B6BC7566B}.Debug|x86.Build.0 = Debug|Any CPU
		{B71936A6-4768-4372-9255-A88B6BC7566B}.Release|Any CPU.ActiveCfg = Release|Any CPU
		{B71936A6-4768-4372-9255-A88B6BC7566B}.Release|Any CPU.Build.0 = Release|Any CPU
		{B71936A6-4768-4372-9255-A88B6BC7566B}.Release|x64.ActiveCfg = Release|Any CPU
		{B71936A6-4768-4372-9255-A88B6BC7566B}.Release|x64.Build.0 = Release|Any CPU
		{B71936A6-4768-4372-9255-A88B6BC7566B}.Release|x86.ActiveCfg = Release|Any CPU
		{B71936A6-4768-4372-9255-A88B6BC7566B}.Release|x86.Build.0 = Release|Any CPU
		{1EB144D4-4D58-4B52-9376-C2D9156EF2BB}.Debug|Any CPU.ActiveCfg = Debug|Any CPU
		{1EB144D4-4D58-4B52-9376-C2D9156EF2BB}.Debug|Any CPU.Build.0 = Debug|Any CPU
		{1EB144D4-4D58-4B52-9376-C2D9156EF2BB}.Debug|x64.ActiveCfg = Debug|Any CPU
		{1EB144D4-4D58-4B52-9376-C2D9156EF2BB}.Debug|x64.Build.0 = Debug|Any CPU
		{1EB144D4-4D58-4B52-9376-C2D9156EF2BB}.Debug|x86.ActiveCfg = Debug|Any CPU
		{1EB144D4-4D58-4B52-9376-C2D9156EF2BB}.Debug|x86.Build.0 = Debug|Any CPU
		{1EB144D4-4D58-4B52-9376-C2D9156EF2BB}.Release|Any CPU.ActiveCfg = Release|Any CPU
		{1EB144D4-4D58-4B52-9376-C2D9156EF2BB}.Release|Any CPU.Build.0 = Release|Any CPU
		{1EB144D4-4D58-4B52-9376-C2D9156EF2BB}.Release|x64.ActiveCfg = Release|Any CPU
		{1EB144D4-4D58-4B52-9376-C2D9156EF2BB}.Release|x64.Build.0 = Release|Any CPU
		{1EB144D4-4D58-4B52-9376-C2D9156EF2BB}.Release|x86.ActiveCfg = Release|Any CPU
		{1EB144D4-4D58-4B52-9376-C2D9156EF2BB}.Release|x86.Build.0 = Release|Any CPU
		{7EE6BA9E-B852-4B06-B2A9-903BE5D34910}.Debug|Any CPU.ActiveCfg = Debug|Any CPU
		{7EE6BA9E-B852-4B06-B2A9-903BE5D34910}.Debug|Any CPU.Build.0 = Debug|Any CPU
		{7EE6BA9E-B852-4B06-B2A9-903BE5D34910}.Debug|x64.ActiveCfg = Debug|Any CPU
		{7EE6BA9E-B852-4B06-B2A9-903BE5D34910}.Debug|x64.Build.0 = Debug|Any CPU
		{7EE6BA9E-B852-4B06-B2A9-903BE5D34910}.Debug|x86.ActiveCfg = Debug|Any CPU
		{7EE6BA9E-B852-4B06-B2A9-903BE5D34910}.Debug|x86.Build.0 = Debug|Any CPU
		{7EE6BA9E-B852-4B06-B2A9-903BE5D34910}.Release|Any CPU.ActiveCfg = Release|Any CPU
		{7EE6BA9E-B852-4B06-B2A9-903BE5D34910}.Release|Any CPU.Build.0 = Release|Any CPU
		{7EE6BA9E-B852-4B06-B2A9-903BE5D34910}.Release|x64.ActiveCfg = Release|Any CPU
		{7EE6BA9E-B852-4B06-B2A9-903BE5D34910}.Release|x64.Build.0 = Release|Any CPU
		{7EE6BA9E-B852-4B06-B2A9-903BE5D34910}.Release|x86.ActiveCfg = Release|Any CPU
		{7EE6BA9E-B852-4B06-B2A9-903BE5D34910}.Release|x86.Build.0 = Release|Any CPU
		{0C1BB397-DC36-4BA2-85CF-88778049E5B3}.Debug|Any CPU.ActiveCfg = Debug|Any CPU
		{0C1BB397-DC36-4BA2-85CF-88778049E5B3}.Debug|Any CPU.Build.0 = Debug|Any CPU
		{0C1BB397-DC36-4BA2-85CF-88778049E5B3}.Debug|x64.ActiveCfg = Debug|Any CPU
		{0C1BB397-DC36-4BA2-85CF-88778049E5B3}.Debug|x64.Build.0 = Debug|Any CPU
		{0C1BB397-DC36-4BA2-85CF-88778049E5B3}.Debug|x86.ActiveCfg = Debug|Any CPU
		{0C1BB397-DC36-4BA2-85CF-88778049E5B3}.Debug|x86.Build.0 = Debug|Any CPU
		{0C1BB397-DC36-4BA2-85CF-88778049E5B3}.Release|Any CPU.ActiveCfg = Release|Any CPU
		{0C1BB397-DC36-4BA2-85CF-88778049E5B3}.Release|Any CPU.Build.0 = Release|Any CPU
		{0C1BB397-DC36-4BA2-85CF-88778049E5B3}.Release|x64.ActiveCfg = Release|Any CPU
		{0C1BB397-DC36-4BA2-85CF-88778049E5B3}.Release|x64.Build.0 = Release|Any CPU
		{0C1BB397-DC36-4BA2-85CF-88778049E5B3}.Release|x86.ActiveCfg = Release|Any CPU
		{0C1BB397-DC36-4BA2-85CF-88778049E5B3}.Release|x86.Build.0 = Release|Any CPU
		{0C0D73D6-A45D-46C9-9701-8302C38D9A7A}.Debug|Any CPU.ActiveCfg = Debug|Any CPU
		{0C0D73D6-A45D-46C9-9701-8302C38D9A7A}.Debug|Any CPU.Build.0 = Debug|Any CPU
		{0C0D73D6-A45D-46C9-9701-8302C38D9A7A}.Debug|x64.ActiveCfg = Debug|Any CPU
		{0C0D73D6-A45D-46C9-9701-8302C38D9A7A}.Debug|x64.Build.0 = Debug|Any CPU
		{0C0D73D6-A45D-46C9-9701-8302C38D9A7A}.Debug|x86.ActiveCfg = Debug|Any CPU
		{0C0D73D6-A45D-46C9-9701-8302C38D9A7A}.Debug|x86.Build.0 = Debug|Any CPU
		{0C0D73D6-A45D-46C9-9701-8302C38D9A7A}.Release|Any CPU.ActiveCfg = Release|Any CPU
		{0C0D73D6-A45D-46C9-9701-8302C38D9A7A}.Release|Any CPU.Build.0 = Release|Any CPU
		{0C0D73D6-A45D-46C9-9701-8302C38D9A7A}.Release|x64.ActiveCfg = Release|Any CPU
		{0C0D73D6-A45D-46C9-9701-8302C38D9A7A}.Release|x64.Build.0 = Release|Any CPU
		{0C0D73D6-A45D-46C9-9701-8302C38D9A7A}.Release|x86.ActiveCfg = Release|Any CPU
		{0C0D73D6-A45D-46C9-9701-8302C38D9A7A}.Release|x86.Build.0 = Release|Any CPU
		{EB42B019-5A17-427C-BD0C-50706044207E}.Debug|Any CPU.ActiveCfg = Debug|Any CPU
		{EB42B019-5A17-427C-BD0C-50706044207E}.Debug|Any CPU.Build.0 = Debug|Any CPU
		{EB42B019-5A17-427C-BD0C-50706044207E}.Debug|x64.ActiveCfg = Debug|Any CPU
		{EB42B019-5A17-427C-BD0C-50706044207E}.Debug|x64.Build.0 = Debug|Any CPU
		{EB42B019-5A17-427C-BD0C-50706044207E}.Debug|x86.ActiveCfg = Debug|Any CPU
		{EB42B019-5A17-427C-BD0C-50706044207E}.Debug|x86.Build.0 = Debug|Any CPU
		{EB42B019-5A17-427C-BD0C-50706044207E}.Release|Any CPU.ActiveCfg = Release|Any CPU
		{EB42B019-5A17-427C-BD0C-50706044207E}.Release|Any CPU.Build.0 = Release|Any CPU
		{EB42B019-5A17-427C-BD0C-50706044207E}.Release|x64.ActiveCfg = Release|Any CPU
		{EB42B019-5A17-427C-BD0C-50706044207E}.Release|x64.Build.0 = Release|Any CPU
		{EB42B019-5A17-427C-BD0C-50706044207E}.Release|x86.ActiveCfg = Release|Any CPU
		{EB42B019-5A17-427C-BD0C-50706044207E}.Release|x86.Build.0 = Release|Any CPU
		{E8937AF8-259C-47E5-A196-965793C22455}.Debug|Any CPU.ActiveCfg = Debug|Any CPU
		{E8937AF8-259C-47E5-A196-965793C22455}.Debug|Any CPU.Build.0 = Debug|Any CPU
		{E8937AF8-259C-47E5-A196-965793C22455}.Debug|x64.ActiveCfg = Debug|Any CPU
		{E8937AF8-259C-47E5-A196-965793C22455}.Debug|x64.Build.0 = Debug|Any CPU
		{E8937AF8-259C-47E5-A196-965793C22455}.Debug|x86.ActiveCfg = Debug|Any CPU
		{E8937AF8-259C-47E5-A196-965793C22455}.Debug|x86.Build.0 = Debug|Any CPU
		{E8937AF8-259C-47E5-A196-965793C22455}.Release|Any CPU.ActiveCfg = Release|Any CPU
		{E8937AF8-259C-47E5-A196-965793C22455}.Release|Any CPU.Build.0 = Release|Any CPU
		{E8937AF8-259C-47E5-A196-965793C22455}.Release|x64.ActiveCfg = Release|Any CPU
		{E8937AF8-259C-47E5-A196-965793C22455}.Release|x64.Build.0 = Release|Any CPU
		{E8937AF8-259C-47E5-A196-965793C22455}.Release|x86.ActiveCfg = Release|Any CPU
		{E8937AF8-259C-47E5-A196-965793C22455}.Release|x86.Build.0 = Release|Any CPU
		{7B581FD3-BAC0-452C-BCF5-B4D84E9EF7A6}.Debug|Any CPU.ActiveCfg = Debug|Any CPU
		{7B581FD3-BAC0-452C-BCF5-B4D84E9EF7A6}.Debug|Any CPU.Build.0 = Debug|Any CPU
		{7B581FD3-BAC0-452C-BCF5-B4D84E9EF7A6}.Debug|x64.ActiveCfg = Debug|Any CPU
		{7B581FD3-BAC0-452C-BCF5-B4D84E9EF7A6}.Debug|x64.Build.0 = Debug|Any CPU
		{7B581FD3-BAC0-452C-BCF5-B4D84E9EF7A6}.Debug|x86.ActiveCfg = Debug|Any CPU
		{7B581FD3-BAC0-452C-BCF5-B4D84E9EF7A6}.Debug|x86.Build.0 = Debug|Any CPU
		{7B581FD3-BAC0-452C-BCF5-B4D84E9EF7A6}.Release|Any CPU.ActiveCfg = Release|Any CPU
		{7B581FD3-BAC0-452C-BCF5-B4D84E9EF7A6}.Release|Any CPU.Build.0 = Release|Any CPU
		{7B581FD3-BAC0-452C-BCF5-B4D84E9EF7A6}.Release|x64.ActiveCfg = Release|Any CPU
		{7B581FD3-BAC0-452C-BCF5-B4D84E9EF7A6}.Release|x64.Build.0 = Release|Any CPU
		{7B581FD3-BAC0-452C-BCF5-B4D84E9EF7A6}.Release|x86.ActiveCfg = Release|Any CPU
		{7B581FD3-BAC0-452C-BCF5-B4D84E9EF7A6}.Release|x86.Build.0 = Release|Any CPU
		{4F4A7C56-8B3F-4C7D-98B3-82CA16AD2D8F}.Debug|Any CPU.ActiveCfg = Debug|Any CPU
		{4F4A7C56-8B3F-4C7D-98B3-82CA16AD2D8F}.Debug|Any CPU.Build.0 = Debug|Any CPU
		{4F4A7C56-8B3F-4C7D-98B3-82CA16AD2D8F}.Debug|x64.ActiveCfg = Debug|Any CPU
		{4F4A7C56-8B3F-4C7D-98B3-82CA16AD2D8F}.Debug|x64.Build.0 = Debug|Any CPU
		{4F4A7C56-8B3F-4C7D-98B3-82CA16AD2D8F}.Debug|x86.ActiveCfg = Debug|Any CPU
		{4F4A7C56-8B3F-4C7D-98B3-82CA16AD2D8F}.Debug|x86.Build.0 = Debug|Any CPU
		{4F4A7C56-8B3F-4C7D-98B3-82CA16AD2D8F}.Release|Any CPU.ActiveCfg = Release|Any CPU
		{4F4A7C56-8B3F-4C7D-98B3-82CA16AD2D8F}.Release|Any CPU.Build.0 = Release|Any CPU
		{4F4A7C56-8B3F-4C7D-98B3-82CA16AD2D8F}.Release|x64.ActiveCfg = Release|Any CPU
		{4F4A7C56-8B3F-4C7D-98B3-82CA16AD2D8F}.Release|x64.Build.0 = Release|Any CPU
		{4F4A7C56-8B3F-4C7D-98B3-82CA16AD2D8F}.Release|x86.ActiveCfg = Release|Any CPU
		{4F4A7C56-8B3F-4C7D-98B3-82CA16AD2D8F}.Release|x86.Build.0 = Release|Any CPU
		{C2D463AD-4F5E-4453-B39E-9963AE73C7D8}.Debug|Any CPU.ActiveCfg = Debug|Any CPU
		{C2D463AD-4F5E-4453-B39E-9963AE73C7D8}.Debug|Any CPU.Build.0 = Debug|Any CPU
		{C2D463AD-4F5E-4453-B39E-9963AE73C7D8}.Debug|x64.ActiveCfg = Debug|Any CPU
		{C2D463AD-4F5E-4453-B39E-9963AE73C7D8}.Debug|x64.Build.0 = Debug|Any CPU
		{C2D463AD-4F5E-4453-B39E-9963AE73C7D8}.Debug|x86.ActiveCfg = Debug|Any CPU
		{C2D463AD-4F5E-4453-B39E-9963AE73C7D8}.Debug|x86.Build.0 = Debug|Any CPU
		{C2D463AD-4F5E-4453-B39E-9963AE73C7D8}.Release|Any CPU.ActiveCfg = Release|Any CPU
		{C2D463AD-4F5E-4453-B39E-9963AE73C7D8}.Release|Any CPU.Build.0 = Release|Any CPU
		{C2D463AD-4F5E-4453-B39E-9963AE73C7D8}.Release|x64.ActiveCfg = Release|Any CPU
		{C2D463AD-4F5E-4453-B39E-9963AE73C7D8}.Release|x64.Build.0 = Release|Any CPU
		{C2D463AD-4F5E-4453-B39E-9963AE73C7D8}.Release|x86.ActiveCfg = Release|Any CPU
		{C2D463AD-4F5E-4453-B39E-9963AE73C7D8}.Release|x86.Build.0 = Release|Any CPU
		{0F807160-7731-4AC5-BBC2-587ABA335145}.Debug|Any CPU.ActiveCfg = Debug|Any CPU
		{0F807160-7731-4AC5-BBC2-587ABA335145}.Debug|Any CPU.Build.0 = Debug|Any CPU
		{0F807160-7731-4AC5-BBC2-587ABA335145}.Debug|x64.ActiveCfg = Debug|Any CPU
		{0F807160-7731-4AC5-BBC2-587ABA335145}.Debug|x64.Build.0 = Debug|Any CPU
		{0F807160-7731-4AC5-BBC2-587ABA335145}.Debug|x86.ActiveCfg = Debug|Any CPU
		{0F807160-7731-4AC5-BBC2-587ABA335145}.Debug|x86.Build.0 = Debug|Any CPU
		{0F807160-7731-4AC5-BBC2-587ABA335145}.Release|Any CPU.ActiveCfg = Release|Any CPU
		{0F807160-7731-4AC5-BBC2-587ABA335145}.Release|Any CPU.Build.0 = Release|Any CPU
		{0F807160-7731-4AC5-BBC2-587ABA335145}.Release|x64.ActiveCfg = Release|Any CPU
		{0F807160-7731-4AC5-BBC2-587ABA335145}.Release|x64.Build.0 = Release|Any CPU
		{0F807160-7731-4AC5-BBC2-587ABA335145}.Release|x86.ActiveCfg = Release|Any CPU
		{0F807160-7731-4AC5-BBC2-587ABA335145}.Release|x86.Build.0 = Release|Any CPU
		{974509EF-F245-44E4-BBA4-56C7F9A86A7F}.Debug|Any CPU.ActiveCfg = Debug|Any CPU
		{974509EF-F245-44E4-BBA4-56C7F9A86A7F}.Debug|Any CPU.Build.0 = Debug|Any CPU
		{974509EF-F245-44E4-BBA4-56C7F9A86A7F}.Debug|x64.ActiveCfg = Debug|Any CPU
		{974509EF-F245-44E4-BBA4-56C7F9A86A7F}.Debug|x64.Build.0 = Debug|Any CPU
		{974509EF-F245-44E4-BBA4-56C7F9A86A7F}.Debug|x86.ActiveCfg = Debug|Any CPU
		{974509EF-F245-44E4-BBA4-56C7F9A86A7F}.Debug|x86.Build.0 = Debug|Any CPU
		{974509EF-F245-44E4-BBA4-56C7F9A86A7F}.Release|Any CPU.ActiveCfg = Release|Any CPU
		{974509EF-F245-44E4-BBA4-56C7F9A86A7F}.Release|Any CPU.Build.0 = Release|Any CPU
		{974509EF-F245-44E4-BBA4-56C7F9A86A7F}.Release|x64.ActiveCfg = Release|Any CPU
		{974509EF-F245-44E4-BBA4-56C7F9A86A7F}.Release|x64.Build.0 = Release|Any CPU
		{974509EF-F245-44E4-BBA4-56C7F9A86A7F}.Release|x86.ActiveCfg = Release|Any CPU
		{974509EF-F245-44E4-BBA4-56C7F9A86A7F}.Release|x86.Build.0 = Release|Any CPU
		{491BAB42-59E8-4EEE-83F8-D473BFF8E471}.Debug|Any CPU.ActiveCfg = Debug|Any CPU
		{491BAB42-59E8-4EEE-83F8-D473BFF8E471}.Debug|Any CPU.Build.0 = Debug|Any CPU
		{491BAB42-59E8-4EEE-83F8-D473BFF8E471}.Debug|x64.ActiveCfg = Debug|Any CPU
		{491BAB42-59E8-4EEE-83F8-D473BFF8E471}.Debug|x64.Build.0 = Debug|Any CPU
		{491BAB42-59E8-4EEE-83F8-D473BFF8E471}.Debug|x86.ActiveCfg = Debug|Any CPU
		{491BAB42-59E8-4EEE-83F8-D473BFF8E471}.Debug|x86.Build.0 = Debug|Any CPU
		{491BAB42-59E8-4EEE-83F8-D473BFF8E471}.Release|Any CPU.ActiveCfg = Release|Any CPU
		{491BAB42-59E8-4EEE-83F8-D473BFF8E471}.Release|Any CPU.Build.0 = Release|Any CPU
		{491BAB42-59E8-4EEE-83F8-D473BFF8E471}.Release|x64.ActiveCfg = Release|Any CPU
		{491BAB42-59E8-4EEE-83F8-D473BFF8E471}.Release|x64.Build.0 = Release|Any CPU
		{491BAB42-59E8-4EEE-83F8-D473BFF8E471}.Release|x86.ActiveCfg = Release|Any CPU
		{491BAB42-59E8-4EEE-83F8-D473BFF8E471}.Release|x86.Build.0 = Release|Any CPU
		{9FEB8E52-741C-49AC-8466-53D2E1FBF726}.Debug|Any CPU.ActiveCfg = Debug|Any CPU
		{9FEB8E52-741C-49AC-8466-53D2E1FBF726}.Debug|Any CPU.Build.0 = Debug|Any CPU
		{9FEB8E52-741C-49AC-8466-53D2E1FBF726}.Debug|x64.ActiveCfg = Debug|Any CPU
		{9FEB8E52-741C-49AC-8466-53D2E1FBF726}.Debug|x64.Build.0 = Debug|Any CPU
		{9FEB8E52-741C-49AC-8466-53D2E1FBF726}.Debug|x86.ActiveCfg = Debug|Any CPU
		{9FEB8E52-741C-49AC-8466-53D2E1FBF726}.Debug|x86.Build.0 = Debug|Any CPU
		{9FEB8E52-741C-49AC-8466-53D2E1FBF726}.Release|Any CPU.ActiveCfg = Release|Any CPU
		{9FEB8E52-741C-49AC-8466-53D2E1FBF726}.Release|Any CPU.Build.0 = Release|Any CPU
		{9FEB8E52-741C-49AC-8466-53D2E1FBF726}.Release|x64.ActiveCfg = Release|Any CPU
		{9FEB8E52-741C-49AC-8466-53D2E1FBF726}.Release|x64.Build.0 = Release|Any CPU
		{9FEB8E52-741C-49AC-8466-53D2E1FBF726}.Release|x86.ActiveCfg = Release|Any CPU
		{9FEB8E52-741C-49AC-8466-53D2E1FBF726}.Release|x86.Build.0 = Release|Any CPU
		{89A4700E-45DD-4D1F-88BD-D5D0533A06FF}.Debug|Any CPU.ActiveCfg = Debug|Any CPU
		{89A4700E-45DD-4D1F-88BD-D5D0533A06FF}.Debug|Any CPU.Build.0 = Debug|Any CPU
		{89A4700E-45DD-4D1F-88BD-D5D0533A06FF}.Debug|x64.ActiveCfg = Debug|Any CPU
		{89A4700E-45DD-4D1F-88BD-D5D0533A06FF}.Debug|x64.Build.0 = Debug|Any CPU
		{89A4700E-45DD-4D1F-88BD-D5D0533A06FF}.Debug|x86.ActiveCfg = Debug|Any CPU
		{89A4700E-45DD-4D1F-88BD-D5D0533A06FF}.Debug|x86.Build.0 = Debug|Any CPU
		{89A4700E-45DD-4D1F-88BD-D5D0533A06FF}.Release|Any CPU.ActiveCfg = Release|Any CPU
		{89A4700E-45DD-4D1F-88BD-D5D0533A06FF}.Release|Any CPU.Build.0 = Release|Any CPU
		{89A4700E-45DD-4D1F-88BD-D5D0533A06FF}.Release|x64.ActiveCfg = Release|Any CPU
		{89A4700E-45DD-4D1F-88BD-D5D0533A06FF}.Release|x64.Build.0 = Release|Any CPU
		{89A4700E-45DD-4D1F-88BD-D5D0533A06FF}.Release|x86.ActiveCfg = Release|Any CPU
		{89A4700E-45DD-4D1F-88BD-D5D0533A06FF}.Release|x86.Build.0 = Release|Any CPU
	EndGlobalSection
	GlobalSection(SolutionProperties) = preSolution
		HideSolutionNode = FALSE
	EndGlobalSection
EndGlobal
