<Solution>
  <Configurations>
    <Platform Name="Any CPU" />
    <Platform Name="x64" />
    <Platform Name="x86" />
  </Configurations>
  <Folder Name="/Auth/" />
  <Folder Name="/Auth/src/">
    <Project Path="Auth/src/Sva.Auth.API/Sva.Auth.API.csproj" />
    <Project Path="Auth/src/Sva.Auth.Application/Sva.Auth.Application.csproj" />
    <Project Path="Auth/src/Sva.Auth.Domain/Sva.Auth.Domain.csproj" />
    <Project Path="Auth/src/Sva.Auth.Infrastructure/Sva.Auth.Infrastructure.csproj" />
  </Folder>
  <Folder Name="/Auth/tests/">
    <Project Path="Auth/tests/Sva.Auth.API.AcceptanceTests/Sva.Auth.API.AcceptanceTests.csproj" />
    <Project Path="Auth/tests/Sva.Auth.Application.FunctionalTests/Sva.Auth.Application.FunctionalTests.csproj" />
    <Project Path="Auth/tests/Sva.Auth.Application.UnitTests/Sva.Auth.Application.UnitTests.csproj" />
    <Project Path="Auth/tests/Sva.Auth.Domain.UnitTests/Sva.Auth.Domain.UnitTests.csproj" />
    <Project Path="Auth/tests/Sva.Auth.Infrastructure.IntegrationTests/Sva.Auth.Infrastructure.IntegrationTests.csproj" />
  </Folder>
</Solution>
